
Microsoft Visual Studio Solution File, Format Version 12.00
# Visual Studio Version 17
VisualStudioVersion = 17.11.35327.3
MinimumVisualStudioVersion = 10.0.40219.1
Project("{9A19103F-16F7-4668-BE54-9A1E7A4F7556}") = "GamehubAPI", "GamehubAPI.csproj", "{55982833-C171-4027-A071-BD0773FD12A2}"
EndProject
Project("{FAE04EC0-301F-11D3-BF4B-00C04F79EFBC}") = "GamegubAPI.xUnitTests", "..\GamegubAPI.xUnitTests\GamegubAPI.xUnitTests.csproj", "{7E8605D8-AAE0-40AA-90A1-FA12E8B62AB1}"
EndProject
Global
	GlobalSection(SolutionConfigurationPlatforms) = preSolution
		Debug|Any CPU = Debug|Any CPU
		Release|Any CPU = Release|Any CPU
	EndGlobalSection
	GlobalSection(ProjectConfigurationPlatforms) = postSolution
		{55982833-C171-4027-A071-BD0773FD12A2}.Debug|Any CPU.ActiveCfg = Debug|Any CPU
		{55982833-C171-4027-A071-BD0773FD12A2}.Debug|Any CPU.Build.0 = Debug|Any CPU
		{55982833-C171-4027-A071-BD0773FD12A2}.Release|Any CPU.ActiveCfg = Release|Any CPU
		{55982833-C171-4027-A071-BD0773FD12A2}.Release|Any CPU.Build.0 = Release|Any CPU
		{7E8605D8-AAE0-40AA-90A1-FA12E8B62AB1}.Debug|Any CPU.ActiveCfg = Debug|Any CPU
		{7E8605D8-AAE0-40AA-90A1-FA12E8B62AB1}.Debug|Any CPU.Build.0 = Debug|Any CPU
		{7E8605D8-AAE0-40AA-90A1-FA12E8B62AB1}.Release|Any CPU.ActiveCfg = Release|Any CPU
		{7E8605D8-AAE0-40AA-90A1-FA12E8B62AB1}.Release|Any CPU.Build.0 = Release|Any CPU
	EndGlobalSection
	GlobalSection(SolutionProperties) = preSolution
		HideSolutionNode = FALSE
	EndGlobalSection
	GlobalSection(ExtensibilityGlobals) = postSolution
		SolutionGuid = {03C8839C-87CB-4076-9B17-CB839A107C6F}
	EndGlobalSection
EndGlobal
